
Microsoft Visual Studio Solution File, Format Version 12.00
# Visual Studio Version 17
VisualStudioVersion = 17.9.34728.123
MinimumVisualStudioVersion = 10.0.40219.1
Project("{9A19103F-16F7-4668-BE54-9A1E7A4F7556}") = "GitHubAPIExperiments", "GitHubAPIExperiments\GitHubAPIExperiments.csproj", "{DE96FACA-B9FA-42F5-A345-DAAB438F99EC}"
EndProject
Project("{9A19103F-16F7-4668-BE54-9A1E7A4F7556}") = "NanoDNA.GitHubManager", "Submodules\NanoDNA.GitHubManager\NanoDNA.GitHubManager\NanoDNA.GitHubManager.csproj", "{8F3055CB-3E81-4B1B-914B-4EC4E58B818F}"
EndProject
Project("{9A19103F-16F7-4668-BE54-9A1E7A4F7556}") = "NanoDNA.GitHubManager.Tests", "Submodules\NanoDNA.GitHubManager\NanoDNA.GitHubManager.Tests\NanoDNA.GitHubManager.Tests.csproj", "{4595FE93-0CC8-4BFE-A5CF-95E16B0F5CB8}"
EndProject
Project("{9A19103F-16F7-4668-BE54-9A1E7A4F7556}") = "NanoDNA.DockerManager", "Submodules\NanoDNA.DockerManager\NanoDNA.DockerManager\NanoDNA.DockerManager.csproj", "{68FFB45B-92C9-4497-8D23-9572FBC8ED4E}"
EndProject
Project("{9A19103F-16F7-4668-BE54-9A1E7A4F7556}") = "NanoDNA.DockerManager.Tests", "Submodules\NanoDNA.DockerManager\NanoDNA.DockerManager.Tests\NanoDNA.DockerManager.Tests.csproj", "{A3304F98-45B7-4290-817F-622836C924C4}"
EndProject
Project("{9A19103F-16F7-4668-BE54-9A1E7A4F7556}") = "NanoDNA.ProcessRunner", "Submodules\NanoDNA.ProcessRunner\NanoDNA.ProcessRunner\NanoDNA.ProcessRunner.csproj", "{4C189198-5045-42F3-82B6-530363C68727}"
EndProject
Project("{9A19103F-16F7-4668-BE54-9A1E7A4F7556}") = "NanoDNA.ProcessRunner.Tests", "Submodules\NanoDNA.ProcessRunner\NanoDNA.ProcessRunner.Tests\NanoDNA.ProcessRunner.Tests.csproj", "{26B77BAB-A97D-4531-87C9-1B45E966BB6E}"
EndProject
Global
	GlobalSection(SolutionConfigurationPlatforms) = preSolution
		Debug|Any CPU = Debug|Any CPU
		Debug|ARM32 = Debug|ARM32
		Debug|ARM64 = Debug|ARM64
		Debug|x64 = Debug|x64
		Debug|x86 = Debug|x86
		Release|Any CPU = Release|Any CPU
		Release|ARM32 = Release|ARM32
		Release|ARM64 = Release|ARM64
		Release|x64 = Release|x64
		Release|x86 = Release|x86
	EndGlobalSection
	GlobalSection(ProjectConfigurationPlatforms) = postSolution
		{DE96FACA-B9FA-42F5-A345-DAAB438F99EC}.Debug|Any CPU.ActiveCfg = Debug|Any CPU
		{DE96FACA-B9FA-42F5-A345-DAAB438F99EC}.Debug|Any CPU.Build.0 = Debug|Any CPU
		{DE96FACA-B9FA-42F5-A345-DAAB438F99EC}.Debug|ARM32.ActiveCfg = Debug|ARM32
		{DE96FACA-B9FA-42F5-A345-DAAB438F99EC}.Debug|ARM32.Build.0 = Debug|ARM32
		{DE96FACA-B9FA-42F5-A345-DAAB438F99EC}.Debug|ARM64.ActiveCfg = Debug|ARM64
		{DE96FACA-B9FA-42F5-A345-DAAB438F99EC}.Debug|ARM64.Build.0 = Debug|ARM64
		{DE96FACA-B9FA-42F5-A345-DAAB438F99EC}.Debug|x64.ActiveCfg = Debug|x64
		{DE96FACA-B9FA-42F5-A345-DAAB438F99EC}.Debug|x64.Build.0 = Debug|x64
		{DE96FACA-B9FA-42F5-A345-DAAB438F99EC}.Debug|x86.ActiveCfg = Debug|x86
		{DE96FACA-B9FA-42F5-A345-DAAB438F99EC}.Debug|x86.Build.0 = Debug|x86
		{DE96FACA-B9FA-42F5-A345-DAAB438F99EC}.Release|Any CPU.ActiveCfg = Release|Any CPU
		{DE96FACA-B9FA-42F5-A345-DAAB438F99EC}.Release|Any CPU.Build.0 = Release|Any CPU
		{DE96FACA-B9FA-42F5-A345-DAAB438F99EC}.Release|ARM32.ActiveCfg = Release|ARM32
		{DE96FACA-B9FA-42F5-A345-DAAB438F99EC}.Release|ARM32.Build.0 = Release|ARM32
		{DE96FACA-B9FA-42F5-A345-DAAB438F99EC}.Release|ARM64.ActiveCfg = Release|ARM64
		{DE96FACA-B9FA-42F5-A345-DAAB438F99EC}.Release|ARM64.Build.0 = Release|ARM64
		{DE96FACA-B9FA-42F5-A345-DAAB438F99EC}.Release|x64.ActiveCfg = Release|x64
		{DE96FACA-B9FA-42F5-A345-DAAB438F99EC}.Release|x64.Build.0 = Release|x64
		{DE96FACA-B9FA-42F5-A345-DAAB438F99EC}.Release|x86.ActiveCfg = Release|x86
		{DE96FACA-B9FA-42F5-A345-DAAB438F99EC}.Release|x86.Build.0 = Release|x86
		{8F3055CB-3E81-4B1B-914B-4EC4E58B818F}.Debug|Any CPU.ActiveCfg = Debug|Any CPU
		{8F3055CB-3E81-4B1B-914B-4EC4E58B818F}.Debug|Any CPU.Build.0 = Debug|Any CPU
		{8F3055CB-3E81-4B1B-914B-4EC4E58B818F}.Debug|ARM32.ActiveCfg = Debug|ARM32
		{8F3055CB-3E81-4B1B-914B-4EC4E58B818F}.Debug|ARM32.Build.0 = Debug|ARM32
		{8F3055CB-3E81-4B1B-914B-4EC4E58B818F}.Debug|ARM64.ActiveCfg = Debug|ARM64
		{8F3055CB-3E81-4B1B-914B-4EC4E58B818F}.Debug|ARM64.Build.0 = Debug|ARM64
		{8F3055CB-3E81-4B1B-914B-4EC4E58B818F}.Debug|x64.ActiveCfg = Debug|x64
		{8F3055CB-3E81-4B1B-914B-4EC4E58B818F}.Debug|x64.Build.0 = Debug|x64
		{8F3055CB-3E81-4B1B-914B-4EC4E58B818F}.Debug|x86.ActiveCfg = Debug|x86
		{8F3055CB-3E81-4B1B-914B-4EC4E58B818F}.Debug|x86.Build.0 = Debug|x86
		{8F3055CB-3E81-4B1B-914B-4EC4E58B818F}.Release|Any CPU.ActiveCfg = Release|Any CPU
		{8F3055CB-3E81-4B1B-914B-4EC4E58B818F}.Release|Any CPU.Build.0 = Release|Any CPU
		{8F3055CB-3E81-4B1B-914B-4EC4E58B818F}.Release|ARM32.ActiveCfg = Release|ARM32
		{8F3055CB-3E81-4B1B-914B-4EC4E58B818F}.Release|ARM32.Build.0 = Release|ARM32
		{8F3055CB-3E81-4B1B-914B-4EC4E58B818F}.Release|ARM64.ActiveCfg = Release|ARM64
		{8F3055CB-3E81-4B1B-914B-4EC4E58B818F}.Release|ARM64.Build.0 = Release|ARM64
		{8F3055CB-3E81-4B1B-914B-4EC4E58B818F}.Release|x64.ActiveCfg = Release|x64
		{8F3055CB-3E81-4B1B-914B-4EC4E58B818F}.Release|x64.Build.0 = Release|x64
		{8F3055CB-3E81-4B1B-914B-4EC4E58B818F}.Release|x86.ActiveCfg = Release|x86
		{8F3055CB-3E81-4B1B-914B-4EC4E58B818F}.Release|x86.Build.0 = Release|x86
		{4595FE93-0CC8-4BFE-A5CF-95E16B0F5CB8}.Debug|Any CPU.ActiveCfg = Debug|Any CPU
		{4595FE93-0CC8-4BFE-A5CF-95E16B0F5CB8}.Debug|Any CPU.Build.0 = Debug|Any CPU
		{4595FE93-0CC8-4BFE-A5CF-95E16B0F5CB8}.Debug|ARM32.ActiveCfg = Debug|ARM32
		{4595FE93-0CC8-4BFE-A5CF-95E16B0F5CB8}.Debug|ARM32.Build.0 = Debug|ARM32
		{4595FE93-0CC8-4BFE-A5CF-95E16B0F5CB8}.Debug|ARM64.ActiveCfg = Debug|ARM64
		{4595FE93-0CC8-4BFE-A5CF-95E16B0F5CB8}.Debug|ARM64.Build.0 = Debug|ARM64
		{4595FE93-0CC8-4BFE-A5CF-95E16B0F5CB8}.Debug|x64.ActiveCfg = Debug|x64
		{4595FE93-0CC8-4BFE-A5CF-95E16B0F5CB8}.Debug|x64.Build.0 = Debug|x64
		{4595FE93-0CC8-4BFE-A5CF-95E16B0F5CB8}.Debug|x86.ActiveCfg = Debug|x86
		{4595FE93-0CC8-4BFE-A5CF-95E16B0F5CB8}.Debug|x86.Build.0 = Debug|x86
		{4595FE93-0CC8-4BFE-A5CF-95E16B0F5CB8}.Release|Any CPU.ActiveCfg = Release|Any CPU
		{4595FE93-0CC8-4BFE-A5CF-95E16B0F5CB8}.Release|Any CPU.Build.0 = Release|Any CPU
		{4595FE93-0CC8-4BFE-A5CF-95E16B0F5CB8}.Release|ARM32.ActiveCfg = Release|ARM32
		{4595FE93-0CC8-4BFE-A5CF-95E16B0F5CB8}.Release|ARM32.Build.0 = Release|ARM32
		{4595FE93-0CC8-4BFE-A5CF-95E16B0F5CB8}.Release|ARM64.ActiveCfg = Release|ARM64
		{4595FE93-0CC8-4BFE-A5CF-95E16B0F5CB8}.Release|ARM64.Build.0 = Release|ARM64
		{4595FE93-0CC8-4BFE-A5CF-95E16B0F5CB8}.Release|x64.ActiveCfg = Release|x64
		{4595FE93-0CC8-4BFE-A5CF-95E16B0F5CB8}.Release|x64.Build.0 = Release|x64
		{4595FE93-0CC8-4BFE-A5CF-95E16B0F5CB8}.Release|x86.ActiveCfg = Release|x86
		{4595FE93-0CC8-4BFE-A5CF-95E16B0F5CB8}.Release|x86.Build.0 = Release|x86
		{68FFB45B-92C9-4497-8D23-9572FBC8ED4E}.Debug|Any CPU.ActiveCfg = Debug|Any CPU
		{68FFB45B-92C9-4497-8D23-9572FBC8ED4E}.Debug|Any CPU.Build.0 = Debug|Any CPU
		{68FFB45B-92C9-4497-8D23-9572FBC8ED4E}.Debug|ARM32.ActiveCfg = Debug|ARM32
		{68FFB45B-92C9-4497-8D23-9572FBC8ED4E}.Debug|ARM32.Build.0 = Debug|ARM32
		{68FFB45B-92C9-4497-8D23-9572FBC8ED4E}.Debug|ARM64.ActiveCfg = Debug|ARM64
		{68FFB45B-92C9-4497-8D23-9572FBC8ED4E}.Debug|ARM64.Build.0 = Debug|ARM64
		{68FFB45B-92C9-4497-8D23-9572FBC8ED4E}.Debug|x64.ActiveCfg = Debug|x64
		{68FFB45B-92C9-4497-8D23-9572FBC8ED4E}.Debug|x64.Build.0 = Debug|x64
		{68FFB45B-92C9-4497-8D23-9572FBC8ED4E}.Debug|x86.ActiveCfg = Debug|x86
		{68FFB45B-92C9-4497-8D23-9572FBC8ED4E}.Debug|x86.Build.0 = Debug|x86
		{68FFB45B-92C9-4497-8D23-9572FBC8ED4E}.Release|Any CPU.ActiveCfg = Release|Any CPU
		{68FFB45B-92C9-4497-8D23-9572FBC8ED4E}.Release|Any CPU.Build.0 = Release|Any CPU
		{68FFB45B-92C9-4497-8D23-9572FBC8ED4E}.Release|ARM32.ActiveCfg = Release|ARM32
		{68FFB45B-92C9-4497-8D23-9572FBC8ED4E}.Release|ARM32.Build.0 = Release|ARM32
		{68FFB45B-92C9-4497-8D23-9572FBC8ED4E}.Release|ARM64.ActiveCfg = Release|ARM64
		{68FFB45B-92C9-4497-8D23-9572FBC8ED4E}.Release|ARM64.Build.0 = Release|ARM64
		{68FFB45B-92C9-4497-8D23-9572FBC8ED4E}.Release|x64.ActiveCfg = Release|x64
		{68FFB45B-92C9-4497-8D23-9572FBC8ED4E}.Release|x64.Build.0 = Release|x64
		{68FFB45B-92C9-4497-8D23-9572FBC8ED4E}.Release|x86.ActiveCfg = Release|x86
		{68FFB45B-92C9-4497-8D23-9572FBC8ED4E}.Release|x86.Build.0 = Release|x86
		{A3304F98-45B7-4290-817F-622836C924C4}.Debug|Any CPU.ActiveCfg = Debug|Any CPU
		{A3304F98-45B7-4290-817F-622836C924C4}.Debug|Any CPU.Build.0 = Debug|Any CPU
		{A3304F98-45B7-4290-817F-622836C924C4}.Debug|ARM32.ActiveCfg = Debug|ARM32
		{A3304F98-45B7-4290-817F-622836C924C4}.Debug|ARM32.Build.0 = Debug|ARM32
		{A3304F98-45B7-4290-817F-622836C924C4}.Debug|ARM64.ActiveCfg = Debug|ARM64
		{A3304F98-45B7-4290-817F-622836C924C4}.Debug|ARM64.Build.0 = Debug|ARM64
		{A3304F98-45B7-4290-817F-622836C924C4}.Debug|x64.ActiveCfg = Debug|x64
		{A3304F98-45B7-4290-817F-622836C924C4}.Debug|x64.Build.0 = Debug|x64
		{A3304F98-45B7-4290-817F-622836C924C4}.Debug|x86.ActiveCfg = Debug|x86
		{A3304F98-45B7-4290-817F-622836C924C4}.Debug|x86.Build.0 = Debug|x86
		{A3304F98-45B7-4290-817F-622836C924C4}.Release|Any CPU.ActiveCfg = Release|Any CPU
		{A3304F98-45B7-4290-817F-622836C924C4}.Release|Any CPU.Build.0 = Release|Any CPU
		{A3304F98-45B7-4290-817F-622836C924C4}.Release|ARM32.ActiveCfg = Release|ARM32
		{A3304F98-45B7-4290-817F-622836C924C4}.Release|ARM32.Build.0 = Release|ARM32
		{A3304F98-45B7-4290-817F-622836C924C4}.Release|ARM64.ActiveCfg = Release|ARM64
		{A3304F98-45B7-4290-817F-622836C924C4}.Release|ARM64.Build.0 = Release|ARM64
		{A3304F98-45B7-4290-817F-622836C924C4}.Release|x64.ActiveCfg = Release|x64
		{A3304F98-45B7-4290-817F-622836C924C4}.Release|x64.Build.0 = Release|x64
		{A3304F98-45B7-4290-817F-622836C924C4}.Release|x86.ActiveCfg = Release|x86
		{A3304F98-45B7-4290-817F-622836C924C4}.Release|x86.Build.0 = Release|x86
		{4C189198-5045-42F3-82B6-530363C68727}.Debug|Any CPU.ActiveCfg = Debug|Any CPU
		{4C189198-5045-42F3-82B6-530363C68727}.Debug|Any CPU.Build.0 = Debug|Any CPU
		{4C189198-5045-42F3-82B6-530363C68727}.Debug|ARM32.ActiveCfg = Debug|ARM32
		{4C189198-5045-42F3-82B6-530363C68727}.Debug|ARM32.Build.0 = Debug|ARM32
		{4C189198-5045-42F3-82B6-530363C68727}.Debug|ARM64.ActiveCfg = Debug|ARM64
		{4C189198-5045-42F3-82B6-530363C68727}.Debug|ARM64.Build.0 = Debug|ARM64
		{4C189198-5045-42F3-82B6-530363C68727}.Debug|x64.ActiveCfg = Debug|x64
		{4C189198-5045-42F3-82B6-530363C68727}.Debug|x64.Build.0 = Debug|x64
		{4C189198-5045-42F3-82B6-530363C68727}.Debug|x86.ActiveCfg = Debug|x86
		{4C189198-5045-42F3-82B6-530363C68727}.Debug|x86.Build.0 = Debug|x86
		{4C189198-5045-42F3-82B6-530363C68727}.Release|Any CPU.ActiveCfg = Release|Any CPU
		{4C189198-5045-42F3-82B6-530363C68727}.Release|Any CPU.Build.0 = Release|Any CPU
		{4C189198-5045-42F3-82B6-530363C68727}.Release|ARM32.ActiveCfg = Release|ARM32
		{4C189198-5045-42F3-82B6-530363C68727}.Release|ARM32.Build.0 = Release|ARM32
		{4C189198-5045-42F3-82B6-530363C68727}.Release|ARM64.ActiveCfg = Release|ARM64
		{4C189198-5045-42F3-82B6-530363C68727}.Release|ARM64.Build.0 = Release|ARM64
		{4C189198-5045-42F3-82B6-530363C68727}.Release|x64.ActiveCfg = Release|x64
		{4C189198-5045-42F3-82B6-530363C68727}.Release|x64.Build.0 = Release|x64
		{4C189198-5045-42F3-82B6-530363C68727}.Release|x86.ActiveCfg = Release|x86
		{4C189198-5045-42F3-82B6-530363C68727}.Release|x86.Build.0 = Release|x86
		{26B77BAB-A97D-4531-87C9-1B45E966BB6E}.Debug|Any CPU.ActiveCfg = Debug|Any CPU
		{26B77BAB-A97D-4531-87C9-1B45E966BB6E}.Debug|Any CPU.Build.0 = Debug|Any CPU
		{26B77BAB-A97D-4531-87C9-1B45E966BB6E}.Debug|ARM32.ActiveCfg = Debug|ARM32
		{26B77BAB-A97D-4531-87C9-1B45E966BB6E}.Debug|ARM32.Build.0 = Debug|ARM32
		{26B77BAB-A97D-4531-87C9-1B45E966BB6E}.Debug|ARM64.ActiveCfg = Debug|ARM64
		{26B77BAB-A97D-4531-87C9-1B45E966BB6E}.Debug|ARM64.Build.0 = Debug|ARM64
		{26B77BAB-A97D-4531-87C9-1B45E966BB6E}.Debug|x64.ActiveCfg = Debug|x64
		{26B77BAB-A97D-4531-87C9-1B45E966BB6E}.Debug|x64.Build.0 = Debug|x64
		{26B77BAB-A97D-4531-87C9-1B45E966BB6E}.Debug|x86.ActiveCfg = Debug|x86
		{26B77BAB-A97D-4531-87C9-1B45E966BB6E}.Debug|x86.Build.0 = Debug|x86
		{26B77BAB-A97D-4531-87C9-1B45E966BB6E}.Release|Any CPU.ActiveCfg = Release|Any CPU
		{26B77BAB-A97D-4531-87C9-1B45E966BB6E}.Release|Any CPU.Build.0 = Release|Any CPU
		{26B77BAB-A97D-4531-87C9-1B45E966BB6E}.Release|ARM32.ActiveCfg = Release|ARM32
		{26B77BAB-A97D-4531-87C9-1B45E966BB6E}.Release|ARM32.Build.0 = Release|ARM32
		{26B77BAB-A97D-4531-87C9-1B45E966BB6E}.Release|ARM64.ActiveCfg = Release|ARM64
		{26B77BAB-A97D-4531-87C9-1B45E966BB6E}.Release|ARM64.Build.0 = Release|ARM64
		{26B77BAB-A97D-4531-87C9-1B45E966BB6E}.Release|x64.ActiveCfg = Release|x64
		{26B77BAB-A97D-4531-87C9-1B45E966BB6E}.Release|x64.Build.0 = Release|x64
		{26B77BAB-A97D-4531-87C9-1B45E966BB6E}.Release|x86.ActiveCfg = Release|x86
		{26B77BAB-A97D-4531-87C9-1B45E966BB6E}.Release|x86.Build.0 = Release|x86
	EndGlobalSection
	GlobalSection(SolutionProperties) = preSolution
		HideSolutionNode = FALSE
	EndGlobalSection
	GlobalSection(ExtensibilityGlobals) = postSolution
		SolutionGuid = {6E9ABC59-7C8F-4D5A-97F7-90F91B2BBDCA}
	EndGlobalSection
EndGlobal
